Microsoft Visual Studio Solution File, Format Version 11.00
# Visual Studio 2008

Project("{6CDD78E8-E7CE-4690-E74A-92E5ACDD393F}") = "PlatformerBuild", "Assembly-CSharp.csproj", "{5D13887B-AB3C-8DA6-92F2-AA39878C6E52}"
EndProject
Global
	GlobalSection(SolutionConfigurationPlatforms) = preSolution
		Debug|Any CPU = Debug|Any CPU
		Release|Any CPU = Release|Any CPU
	EndGlobalSection
	GlobalSection(ProjectConfigurationPlatforms) = postSolution
		{5D13887B-AB3C-8DA6-92F2-AA39878C6E52}.Debug|Any CPU.ActiveCfg = Debug|Any CPU
		{5D13887B-AB3C-8DA6-92F2-AA39878C6E52}.Debug|Any CPU.Build.0 = Debug|Any CPU
		{5D13887B-AB3C-8DA6-92F2-AA39878C6E52}.Release|Any CPU.ActiveCfg = Release|Any CPU
		{5D13887B-AB3C-8DA6-92F2-AA39878C6E52}.Release|Any CPU.Build.0 = Release|Any CPU
	EndGlobalSection
	GlobalSection(SolutionProperties) = preSolution
		HideSolutionNode = FALSE
	EndGlobalSection
	GlobalSection(MonoDevelopProperties) = preSolution
		StartupItem = Assembly-CSharp.csproj
	EndGlobalSection
EndGlobal
